# pip freeze del Python del sistema que usa ComfyUI (Python 3.10.12, sin venv) — 2026-09-28
# torch 2.12.0 ESTABLE cu130 (no nightly). Índice: https://download.pytorch.org/whl/cu130
absl-py==2.4.0
accelerate==1.13.0
addict==2.4.0
aiofiles==24.1.0
aiohappyeyeballs==2.6.2
aiohttp==3.13.5
aiohttp_socks==0.11.0
aiosignal==1.4.0
albucore==0.2.13
albumentations==2.0.8
alembic==1.18.4
annotated-doc==0.0.4
annotated-types==0.7.0
anthropic==0.37.1
antlr4-python3-runtime==4.9.3
anyio==4.13.0
apt-clone==0.2.1
apturl==0.5.2
astor==0.8.1
astroid==4.0.4
asttokens==3.0.1
async-timeout==4.0.1
attrs==26.1.0
audioread==3.1.0
av==17.0.1
basicsr==1.4.2
beautifulsoup4==4.10.0
blake3==1.0.8
blessed==1.44.0
blinker==1.4
Brlapi==0.8.3
Brotli==1.0.9
certifi==2026.5.20
cffi==2.0.0
chardet==4.0.0
charset-normalizer==3.4.7
click==8.4.1
colorama==0.4.6
colour==0.1.5
comfy-aimdo==0.4.7
comfy-angle==0.1.0
comfy-kitchen==0.2.16
comfyui-embedded-docs==0.5.1
comfyui-workflow-templates-core==0.3.244
comfyui-workflow-templates-media-api==0.3.79
comfyui-workflow-templates-media-image==0.3.145
comfyui-workflow-templates-media-other==0.3.210
comfyui-workflow-templates-media-video==0.3.90
comfyui_frontend_package==1.44.19
comfyui_workflow_templates==0.9.91
comm==0.2.3
command-not-found==0.3
configobj==5.0.6
contourpy==1.3.2
cryptography==48.0.0
cuda-bindings==13.3.0
cuda-pathfinder==1.5.5
cuda-toolkit==13.0.2
cupshelpers==1.0
cycler==0.12.1
daemonize==2.5.0
dbus-python==1.2.18
debugpy==1.8.20
decorator==5.3.1
defer==1.0.6
demucs==4.1.0
diffusers==0.38.0
dill==0.4.1
distro==1.7.0
distro-info==1.1+ubuntu0.2
editor==1.8.0
einops==0.8.2
exceptiongroup==1.3.1
executing==2.2.1
eyeD3==0.8.10
facexlib==0.3.0
fastuuid==0.14.0
filelock==3.29.0
filterpy==1.4.5
flatbuffers==25.12.19
fonttools==4.63.0
frozenlist==1.8.0
fsspec==2026.4.0
ftfy==6.3.1
future==1.0.0
fvcore==0.1.5.post20221221
gfpgan==1.3.8
gguf==0.19.0
git-python==1.0.3
gitdb==4.0.12
GitPython==3.1.50
glfw==2.10.0
google-ai-generativelanguage==0.6.6
google-api-core==2.30.3
google-api-python-client==2.196.0
google-auth==2.53.0
google-auth-httplib2==0.4.0
google-generativeai==0.7.2
googleapis-common-protos==1.75.0
greenlet==3.5.1
grpcio==1.80.0
grpcio-status==1.62.3
h11==0.16.0
h2==4.3.0
hf-xet==1.5.0
hf_transfer==0.1.9
hpack==4.1.0
html2image==2.0.7
html2text==2024.2.26
httpcore==1.0.9
httplib2==0.20.2
httpx==0.28.1
huggingface_hub==1.13.0
hydra-core==1.3.2
hyperframe==6.1.0
idna==3.15
ifaddr==0.1.7
ImageIO==2.37.3
imageio-ffmpeg==0.6.0
IMDbPY==2021.4.18
importlib_metadata==9.0.0
inquirer==3.4.1
iopath==0.1.10
ipykernel==6.31.0
ipython==8.39.0
isort==8.0.1
jedi==0.20.0
jeepney==0.7.1
Jinja2==3.1.6
jinxed==2.0.4
jiter==0.15.0
joblib==1.5.3
jsonschema==4.26.0
jsonschema-specifications==2025.9.1
julius==0.2.8
jupyter_client==8.8.0
jupyter_core==5.9.1
keyring==23.5.0
kiwisolver==1.5.0
kornia==0.8.2
kornia_rs==0.1.14
lameenc==1.8.4
launchpadlib==1.10.16
lazr.restfulclient==0.14.4
lazr.uri==1.0.6
lazy-loader==0.5
librosa==0.11.0
litellm==1.83.0
llvmlite==0.47.0
lmdb==2.2.0
louis==3.20.0
macaroonbakery==1.3.1
Mako==1.1.3
Markdown==3.10.2
markdown-it-py==4.2.0
MarkupSafe==3.0.3
matplotlib==3.10.9
matplotlib-inline==0.2.2
matrix-nio==0.25.2
mccabe==0.7.0
mdurl==0.1.2
mediapipe==0.10.35
meson==0.61.2
mido==1.3.3
more-itertools==8.10.0
mpmath==1.3.0
msgpack==1.2.1
multidict==6.7.1
mutagen==1.45.1
nemo-emblems==6.0.1
nest-asyncio==1.6.0
netaddr==0.8.0
netifaces==0.11.0
networkx==3.4.2
nltk==3.9.4
notify2==0.3
numba==0.65.1
numpy==2.2.6
nvidia-cublas==13.1.1.3
nvidia-cuda-cupti==13.0.85
nvidia-cuda-nvrtc==13.0.88
nvidia-cuda-runtime==13.0.96
nvidia-cudnn-cu13==9.20.0.48
nvidia-cufft==12.0.0.61
nvidia-cufile==1.15.1.6
nvidia-curand==10.4.0.35
nvidia-cusolver==12.0.4.66
nvidia-cusparse==12.6.3.3
nvidia-cusparselt-cu13==0.8.1
nvidia-nccl-cu13==2.29.7
nvidia-nvjitlink==13.0.88
nvidia-nvshmem-cu13==3.4.5
nvidia-nvtx==13.0.85
oauthlib==3.2.0
omegaconf==2.3.0
onboard==1.4.1
onnxruntime-gpu==1.23.2
openai==2.38.0
opencv-contrib-python==4.13.0.92
opencv-python==4.13.0.92
opencv-python-headless==4.13.0.92
outcome==1.3.0.post0
packaging==26.2
PAM==0.4.2
parso==0.8.7
peft==0.19.1
pexpect==4.8.0
piexif==1.1.3
pillow==12.2.0
platformdirs==4.9.6
polars==1.41.2
polars-runtime-32==1.41.2
pooch==1.9.0
portalocker==3.2.0
prompt_toolkit==3.0.52
propcache==0.5.2
proto-plus==1.28.0
protobuf==4.25.9
psutil==5.9.8
ptyprocess==0.7.0
pure_eval==0.2.3
pyasn1==0.6.3
pyasn1_modules==0.4.2
pycairo==1.20.1
pycparser==3.0
pycryptodome==3.23.0
pycryptodomex==3.11.0
pycups==2.0.1
pycurl==7.44.1
pydantic==2.13.4
pydantic-settings==2.14.1
pydantic_core==2.46.4
pyelftools==0.27
PyGithub==2.9.1
Pygments==2.20.0
PyGObject==3.42.1
PyICU==2.8.1
pyinotify==0.9.6
PyJWT==2.13.0
pylint==4.0.5
pyloudnorm==0.2.0
pymacaroons==0.13.0
PyNaCl==1.5.0
PyOpenGL==3.1.10
pyparsing==3.3.2
pyparted==3.11.7
pyperclip==1.11.0
PyQt6==6.11.0
PyQt6-Qt6==6.11.1
PyQt6-WebEngine==6.11.0
PyQt6-WebEngine-Qt6==6.11.1
PyQt6_sip==13.11.1
pyRFC3339==1.1
PySocks==1.7.1
python-apt==2.4.0+ubuntu4.1
python-dateutil==2.9.0.post0
python-debian==0.1.43+ubuntu1.1
python-dotenv==1.2.2
python-gnupg==0.4.8
python-magic==0.4.24
python-socks==2.8.1
python-xlib==0.29
pytz==2022.1
pyudev==0.22.0
PyWavelets==1.8.0
pyxdg==0.27
PyYAML==6.0.3
pyzmq==27.1.0
qrcode==7.3.1
readchar==4.2.2
realesrgan==0.3.0
referencing==0.37.0
regex==2026.5.9
reportlab==3.6.8
requests==2.34.2
requests-file==1.5.1
rich==13.9.4
rotary-embedding-torch==0.8.9
rpds-py==0.30.0
runs==1.3.0
safetensors==0.8.0rc0
SAM-2 @ git+https://github.com/facebookresearch/sam2@2b90b9f5ceec907a1c18123530e92e794ad901a4
scikit-image==0.25.2
scikit-learn==1.7.2
scipy==1.15.3
SecretStorage==3.3.1
segment-anything==1.0
selenium==4.44.0
Send2Trash==1.8.3
sentencepiece==0.2.1
setproctitle==1.3.7
sf2utils==1.0.0
shellingham==1.5.4
shortuuid==1.0.13
simpleeval==1.0.7
simsimd==6.5.16
six==1.16.0
smmap==5.0.3
sniffio==1.3.1
sortedcontainers==2.4.0
sounddevice==0.5.5
soundfile==0.14.0
soupsieve==2.3.1
soxr==1.1.0
spandrel==0.4.2
sphn==0.2.1
SQLAlchemy==2.0.50
stack-data==0.6.3
starlette==0.37.2
stringzilla==5.1.2
sympy==1.14.0
systemd-python==234
tb-nightly==2.21.0a20251023
tensorboard-data-server==0.7.2
termcolor==3.3.0
threadpoolctl==3.6.0
tifffile==2025.5.10
tiktoken==0.7.0
tinycss2==1.1.1
tldextract==3.1.2
tokenizers==0.22.2
tokentrim==0.1.13
toml==0.10.2
tomli==2.4.1
tomlkit==0.15.0
torch==2.12.0
torchaudio==2.11.0
torchsde==0.2.6
torchvision==0.27.0
tornado==6.5.6
tqdm==4.67.3
traitlets==5.15.0
trampoline==0.1.2
transformers==5.9.0
trimesh==5.0.0
trio==0.33.0
trio-websocket==0.12.2
triton==3.7.0
typer==0.12.5
typing-inspection==0.4.2
typing_extensions==4.15.0
ubuntu-drivers-common==0.0.0
ufw==0.36.1
ultralytics==8.4.57
ultralytics-thop==2.0.19
unattended-upgrades==0.1
Unidecode==1.3.3
unpaddedbase64==2.1.0
uritemplate==4.2.0
urllib3==2.7.0
uv==0.11.17
wadllib==1.3.6
wcwidth==0.7.0
webdriver-manager==4.1.1
webencodings==0.5.1
websocket-client==1.9.0
websockets==9.1
Werkzeug==3.1.8
wget==3.2
wsproto==1.3.2
xdg==5
xkit==0.0.0
xlrd==1.2.0
xmod==1.10.0
yacs==0.1.8
yapf==0.43.0
yarl==1.24.2
yaspin==3.4.0
yt-dlp==2026.7.4
yt-dlp-ejs==0.8.0
zipp==4.1.0
